
Microsoft Visual Studio Solution File, Format Version 12.00
# Visual Studio Version 16
VisualStudioVersion = 16.0.30320.27
MinimumVisualStudioVersion = 10.0.40219.1
Project("{9A19103F-16F7-4668-BE54-9A1E7A4F7556}") = "VendasConsole", "VendasConsole\VendasConsole.csproj", "{F5FF6461-7C91-47B0-8DF4-C944F6752363}"
EndProject
Project("{9A19103F-16F7-4668-BE54-9A1E7A4F7556}") = "BancoDadosConsole", "BancoDadosConsole\BancoDadosConsole.csproj", "{645E20A9-38EC-4051-B471-95D83E1A33B1}"
EndProject
Project("{9A19103F-16F7-4668-BE54-9A1E7A4F7556}") = "VendasWPF", "VendasWPF\VendasWPF.csproj", "{7BFC4280-8EB1-4CB1-A817-A05803D6ACC7}"
EndProject
Project("{FAE04EC0-301F-11D3-BF4B-00C04F79EFBC}") = "VendasWeb", "VendasWeb\VendasWeb.csproj", "{3270FBAB-745E-4116-AE7D-E5844ED1919E}"
EndProject
Global
	GlobalSection(SolutionConfigurationPlatforms) = preSolution
		Debug|Any CPU = Debug|Any CPU
		Release|Any CPU = Release|Any CPU
	EndGlobalSection
	GlobalSection(ProjectConfigurationPlatforms) = postSolution
		{F5FF6461-7C91-47B0-8DF4-C944F6752363}.Debug|Any CPU.ActiveCfg = Debug|Any CPU
		{F5FF6461-7C91-47B0-8DF4-C944F6752363}.Debug|Any CPU.Build.0 = Debug|Any CPU
		{F5FF6461-7C91-47B0-8DF4-C944F6752363}.Release|Any CPU.ActiveCfg = Release|Any CPU
		{F5FF6461-7C91-47B0-8DF4-C944F6752363}.Release|Any CPU.Build.0 = Release|Any CPU
		{645E20A9-38EC-4051-B471-95D83E1A33B1}.Debug|Any CPU.ActiveCfg = Debug|Any CPU
		{645E20A9-38EC-4051-B471-95D83E1A33B1}.Debug|Any CPU.Build.0 = Debug|Any CPU
		{645E20A9-38EC-4051-B471-95D83E1A33B1}.Release|Any CPU.ActiveCfg = Release|Any CPU
		{645E20A9-38EC-4051-B471-95D83E1A33B1}.Release|Any CPU.Build.0 = Release|Any CPU
		{7BFC4280-8EB1-4CB1-A817-A05803D6ACC7}.Debug|Any CPU.ActiveCfg = Debug|Any CPU
		{7BFC4280-8EB1-4CB1-A817-A05803D6ACC7}.Debug|Any CPU.Build.0 = Debug|Any CPU
		{7BFC4280-8EB1-4CB1-A817-A05803D6ACC7}.Release|Any CPU.ActiveCfg = Release|Any CPU
		{7BFC4280-8EB1-4CB1-A817-A05803D6ACC7}.Release|Any CPU.Build.0 = Release|Any CPU
		{3270FBAB-745E-4116-AE7D-E5844ED1919E}.Debug|Any CPU.ActiveCfg = Debug|Any CPU
		{3270FBAB-745E-4116-AE7D-E5844ED1919E}.Debug|Any CPU.Build.0 = Debug|Any CPU
		{3270FBAB-745E-4116-AE7D-E5844ED1919E}.Release|Any CPU.ActiveCfg = Release|Any CPU
		{3270FBAB-745E-4116-AE7D-E5844ED1919E}.Release|Any CPU.Build.0 = Release|Any CPU
	EndGlobalSection
	GlobalSection(SolutionProperties) = preSolution
		HideSolutionNode = FALSE
	EndGlobalSection
	GlobalSection(ExtensibilityGlobals) = postSolution
		SolutionGuid = {89CADB16-DDAD-4A07-99D3-64F0DA98AAB9}
	EndGlobalSection
EndGlobal
